// !$*UTF8*$!
{
	archiveVersion = 1;
	classes = {
	};
	objectVersion = 77;
	objects = {

/* Begin PBXBuildFile section */
		C225FD282E3F5C0700C88ED8 /* WidgetKit.framework in Frameworks */ = {isa = PBXBuildFile; fileRef = C225FD272E3F5C0700C88ED8 /* WidgetKit.framework */; };
		C225FD2A2E3F5C0700C88ED8 /* SwiftUI.framework in Frameworks */ = {isa = PBXBuildFile; fileRef = C225FD292E3F5C0700C88ED8 /* SwiftUI.framework */; };
		C225FD392E3F5C0900C88ED8 /* EveryTasksWidgetExtension.appex in Embed Foundation Extensions */ = {isa = PBXBuildFile; fileRef = C225FD252E3F5C0700C88ED8 /* EveryTasksWidgetExtension.appex */; settings = {ATTRIBUTES = (RemoveHeadersOnCopy, ); }; };
		C2DDAF1A2E2A0AF5005B2C3C /* Lottie in Frameworks */ = {isa = PBXBuildFile; productRef = C2DDAF192E2A0AF5005B2C3C /* Lottie */; };
/* End PBXBuildFile section */

/* Begin PBXContainerItemProxy section */
		C225FD372E3F5C0900C88ED8 /* PBXContainerItemProxy */ = {
			isa = PBXContainerItemProxy;
			containerPortal = C2DDADD42E251668005B2C3C /* Project object */;
			proxyType = 1;
			remoteGlobalIDString = C225FD242E3F5C0700C88ED8;
			remoteInfo = EveryTasksWidgetExtension;
		};
		C2DDADEA2E251669005B2C3C /* PBXContainerItemProxy */ = {
			isa = PBXContainerItemProxy;
			containerPortal = C2DDADD42E251668005B2C3C /* Project object */;
			proxyType = 1;
			remoteGlobalIDString = C2DDADDB2E251668005B2C3C;
			remoteInfo = ADHDFocusApp;
		};
		C2DDADF42E251669005B2C3C /* PBXContainerItemProxy */ = {
			isa = PBXContainerItemProxy;
			containerPortal = C2DDADD42E251668005B2C3C /* Project object */;
			proxyType = 1;
			remoteGlobalIDString = C2DDADDB2E251668005B2C3C;
			remoteInfo = ADHDFocusApp;
		};
/* End PBXContainerItemProxy section */

/* Begin PBXCopyFilesBuildPhase section */
		C225FD3A2E3F5C0900C88ED8 /* Embed Foundation Extensions */ = {
			isa = PBXCopyFilesBuildPhase;
			buildActionMask = 2147483647;
			dstPath = "";
			dstSubfolderSpec = 13;
			files = (
				C225FD392E3F5C0900C88ED8 /* EveryTasksWidgetExtension.appex in Embed Foundation Extensions */,
			);
			name = "Embed Foundation Extensions";
			runOnlyForDeploymentPostprocessing = 0;
		};
/* End PBXCopyFilesBuildPhase section */

/* Begin PBXFileReference section */
		C225FD252E3F5C0700C88ED8 /* EveryTasksWidgetExtension.appex */ = {isa = PBXFileReference; explicitFileType = "wrapper.app-extension"; includeInIndex = 0; path = EveryTasksWidgetExtension.appex; sourceTree = BUILT_PRODUCTS_DIR; };
		C225FD272E3F5C0700C88ED8 /* WidgetKit.framework */ = {isa = PBXFileReference; lastKnownFileType = wrapper.framework; name = WidgetKit.framework; path = System/Library/Frameworks/WidgetKit.framework; sourceTree = SDKROOT; };
		C225FD292E3F5C0700C88ED8 /* SwiftUI.framework */ = {isa = PBXFileReference; lastKnownFileType = wrapper.framework; name = SwiftUI.framework; path = System/Library/Frameworks/SwiftUI.framework; sourceTree = SDKROOT; };
		C225FD3F2E3F5C1600C88ED8 /* EveryTasksWidgetExtension.entitlements */ = {isa = PBXFileReference; lastKnownFileType = text.plist.entitlements; path = EveryTasksWidgetExtension.entitlements; sourceTree = "<group>"; };
		C225FD402E3F5C2000C88ED8 /* EveryTasks.entitlements */ = {isa = PBXFileReference; lastKnownFileType = text.plist.entitlements; path = EveryTasks.entitlements; sourceTree = "<group>"; };
		C2DDADDC2E251668005B2C3C /* EveryTasks.app */ = {isa = PBXFileReference; explicitFileType = wrapper.application; includeInIndex = 0; path = EveryTasks.app; sourceTree = BUILT_PRODUCTS_DIR; };
		C2DDADE92E251669005B2C3C /* ADHDFocusAppTests.xctest */ = {isa = PBXFileReference; explicitFileType = wrapper.cfbundle; includeInIndex = 0; path = ADHDFocusAppTests.xctest; sourceTree = BUILT_PRODUCTS_DIR; };
		C2DDADF32E251669005B2C3C /* ADHDFocusAppUITests.xctest */ = {isa = PBXFileReference; explicitFileType = wrapper.cfbundle; includeInIndex = 0; path = ADHDFocusAppUITests.xctest; sourceTree = BUILT_PRODUCTS_DIR; };
/* End PBXFileReference section */

/* Begin PBXFileSystemSynchronizedBuildFileExceptionSet section */
		C225FD3D2E3F5C0900C88ED8 /* Exceptions for "EveryTasksWidget" folder in "EveryTasksWidgetExtension" target */ = {
			isa = PBXFileSystemSynchronizedBuildFileExceptionSet;
			membershipExceptions = (
				Info.plist,
			);
			target = C225FD242E3F5C0700C88ED8 /* EveryTasksWidgetExtension */;
		};
/* End PBXFileSystemSynchronizedBuildFileExceptionSet section */

/* Begin PBXFileSystemSynchronizedRootGroup section */
		C225FD2B2E3F5C0700C88ED8 /* EveryTasksWidget */ = {
			isa = PBXFileSystemSynchronizedRootGroup;
			exceptions = (
				C225FD3D2E3F5C0900C88ED8 /* Exceptions for "EveryTasksWidget" folder in "EveryTasksWidgetExtension" target */,
			);
			path = EveryTasksWidget;
			sourceTree = "<group>";
		};
		C2DDADDE2E251668005B2C3C /* ADHDFocusApp */ = {
			isa = PBXFileSystemSynchronizedRootGroup;
			path = ADHDFocusApp;
			sourceTree = "<group>";
		};
		C2DDADEC2E251669005B2C3C /* ADHDFocusAppTests */ = {
			isa = PBXFileSystemSynchronizedRootGroup;
			path = ADHDFocusAppTests;
			sourceTree = "<group>";
		};
		C2DDADF62E251669005B2C3C /* ADHDFocusAppUITests */ = {
			isa = PBXFileSystemSynchronizedRootGroup;
			path = ADHDFocusAppUITests;
			sourceTree = "<group>";
		};
/* End PBXFileSystemSynchronizedRootGroup section */

/* Begin PBXFrameworksBuildPhase section */
		C225FD222E3F5C0700C88ED8 /* Frameworks */ = {
			isa = PBXFrameworksBuildPhase;
			buildActionMask = 2147483647;
			files = (
				C225FD2A2E3F5C0700C88ED8 /* SwiftUI.framework in Frameworks */,
				C225FD282E3F5C0700C88ED8 /* WidgetKit.framework in Frameworks */,
			);
			runOnlyForDeploymentPostprocessing = 0;
		};
		C2DDADD92E251668005B2C3C /* Frameworks */ = {
			isa = PBXFrameworksBuildPhase;
			buildActionMask = 2147483647;
			files = (
				C2DDAF1A2E2A0AF5005B2C3C /* Lottie in Frameworks */,
			);
			runOnlyForDeploymentPostprocessing = 0;
		};
		C2DDADE62E251669005B2C3C /* Frameworks */ = {
			isa = PBXFrameworksBuildPhase;
			buildActionMask = 2147483647;
			files = (
			);
			runOnlyForDeploymentPostprocessing = 0;
		};
		C2DDADF02E251669005B2C3C /* Frameworks */ = {
			isa = PBXFrameworksBuildPhase;
			buildActionMask = 2147483647;
			files = (
			);
			runOnlyForDeploymentPostprocessing = 0;
		};
/* End PBXFrameworksBuildPhase section */

/* Begin PBXGroup section */
		C225FD262E3F5C0700C88ED8 /* Frameworks */ = {
			isa = PBXGroup;
			children = (
				C225FD272E3F5C0700C88ED8 /* WidgetKit.framework */,
				C225FD292E3F5C0700C88ED8 /* SwiftUI.framework */,
			);
			name = Frameworks;
			sourceTree = "<group>";
		};
		C2DDADD32E251668005B2C3C = {
			isa = PBXGroup;
			children = (
				C225FD402E3F5C2000C88ED8 /* EveryTasks.entitlements */,
				C225FD3F2E3F5C1600C88ED8 /* EveryTasksWidgetExtension.entitlements */,
				C2DDADDE2E251668005B2C3C /* ADHDFocusApp */,
				C2DDADEC2E251669005B2C3C /* ADHDFocusAppTests */,
				C2DDADF62E251669005B2C3C /* ADHDFocusAppUITests */,
				C225FD2B2E3F5C0700C88ED8 /* EveryTasksWidget */,
				C225FD262E3F5C0700C88ED8 /* Frameworks */,
				C2DDADDD2E251668005B2C3C /* Products */,
			);
			sourceTree = "<group>";
		};
		C2DDADDD2E251668005B2C3C /* Products */ = {
			isa = PBXGroup;
			children = (
				C2DDADDC2E251668005B2C3C /* EveryTasks.app */,
				C2DDADE92E251669005B2C3C /* ADHDFocusAppTests.xctest */,
				C2DDADF32E251669005B2C3C /* ADHDFocusAppUITests.xctest */,
				C225FD252E3F5C0700C88ED8 /* EveryTasksWidgetExtension.appex */,
			);
			name = Products;
			sourceTree = "<group>";
		};
/* End PBXGroup section */

/* Begin PBXNativeTarget section */
		C225FD242E3F5C0700C88ED8 /* EveryTasksWidgetExtension */ = {
			isa = PBXNativeTarget;
			buildConfigurationList = C225FD3E2E3F5C0900C88ED8 /* Build configuration list for PBXNativeTarget "EveryTasksWidgetExtension" */;
			buildPhases = (
				C225FD212E3F5C0700C88ED8 /* Sources */,
				C225FD222E3F5C0700C88ED8 /* Frameworks */,
				C225FD232E3F5C0700C88ED8 /* Resources */,
			);
			buildRules = (
			);
			dependencies = (
			);
			fileSystemSynchronizedGroups = (
				C225FD2B2E3F5C0700C88ED8 /* EveryTasksWidget */,
			);
			name = EveryTasksWidgetExtension;
			packageProductDependencies = (
			);
			productName = EveryTasksWidgetExtension;
			productReference = C225FD252E3F5C0700C88ED8 /* EveryTasksWidgetExtension.appex */;
			productType = "com.apple.product-type.app-extension";
		};
		C2DDADDB2E251668005B2C3C /* EveryTasks */ = {
			isa = PBXNativeTarget;
			buildConfigurationList = C2DDADFD2E251669005B2C3C /* Build configuration list for PBXNativeTarget "EveryTasks" */;
			buildPhases = (
				C2DDADD82E251668005B2C3C /* Sources */,
				C2DDADD92E251668005B2C3C /* Frameworks */,
				C2DDADDA2E251668005B2C3C /* Resources */,
				C225FD3A2E3F5C0900C88ED8 /* Embed Foundation Extensions */,
			);
			buildRules = (
			);
			dependencies = (
				C225FD382E3F5C0900C88ED8 /* PBXTargetDependency */,
			);
			fileSystemSynchronizedGroups = (
				C2DDADDE2E251668005B2C3C /* ADHDFocusApp */,
			);
			name = EveryTasks;
			packageProductDependencies = (
				C2DDAF192E2A0AF5005B2C3C /* Lottie */,
			);
			productName = EveryTasks;
			productReference = C2DDADDC2E251668005B2C3C /* EveryTasks.app */;
			productType = "com.apple.product-type.application";
		};
		C2DDADE82E251669005B2C3C /* ADHDFocusAppTests */ = {
			isa = PBXNativeTarget;
			buildConfigurationList = C2DDAE002E251669005B2C3C /* Build configuration list for PBXNativeTarget "ADHDFocusAppTests" */;
			buildPhases = (
				C2DDADE52E251669005B2C3C /* Sources */,
				C2DDADE62E251669005B2C3C /* Frameworks */,
				C2DDADE72E251669005B2C3C /* Resources */,
			);
			buildRules = (
			);
			dependencies = (
				C2DDADEB2E251669005B2C3C /* PBXTargetDependency */,
			);
			fileSystemSynchronizedGroups = (
				C2DDADEC2E251669005B2C3C /* ADHDFocusAppTests */,
			);
			name = ADHDFocusAppTests;
			packageProductDependencies = (
			);
			productName = ADHDFocusAppTests;
			productReference = C2DDADE92E251669005B2C3C /* ADHDFocusAppTests.xctest */;
			productType = "com.apple.product-type.bundle.unit-test";
		};
		C2DDADF22E251669005B2C3C /* ADHDFocusAppUITests */ = {
			isa = PBXNativeTarget;
			buildConfigurationList = C2DDAE032E251669005B2C3C /* Build configuration list for PBXNativeTarget "ADHDFocusAppUITests" */;
			buildPhases = (
				C2DDADEF2E251669005B2C3C /* Sources */,
				C2DDADF02E251669005B2C3C /* Frameworks */,
				C2DDADF12E251669005B2C3C /* Resources */,
			);
			buildRules = (
			);
			dependencies = (
				C2DDADF52E251669005B2C3C /* PBXTargetDependency */,
			);
			fileSystemSynchronizedGroups = (
				C2DDADF62E251669005B2C3C /* ADHDFocusAppUITests */,
			);
			name = ADHDFocusAppUITests;
			packageProductDependencies = (
			);
			productName = ADHDFocusAppUITests;
			productReference = C2DDADF32E251669005B2C3C /* ADHDFocusAppUITests.xctest */;
			productType = "com.apple.product-type.bundle.ui-testing";
		};
/* End PBXNativeTarget section */

/* Begin PBXProject section */
		C2DDADD42E251668005B2C3C /* Project object */ = {
			isa = PBXProject;
			attributes = {
				BuildIndependentTargetsInParallel = 1;
				LastSwiftUpdateCheck = 1640;
				LastUpgradeCheck = 1640;
				TargetAttributes = {
					C225FD242E3F5C0700C88ED8 = {
						CreatedOnToolsVersion = 16.4;
					};
					C2DDADDB2E251668005B2C3C = {
						CreatedOnToolsVersion = 16.4;
					};
					C2DDADE82E251669005B2C3C = {
						CreatedOnToolsVersion = 16.4;
						TestTargetID = C2DDADDB2E251668005B2C3C;
					};
					C2DDADF22E251669005B2C3C = {
						CreatedOnToolsVersion = 16.4;
						TestTargetID = C2DDADDB2E251668005B2C3C;
					};
				};
			};
			buildConfigurationList = C2DDADD72E251668005B2C3C /* Build configuration list for PBXProject "ADHDFocusApp" */;
			developmentRegion = en;
			hasScannedForEncodings = 0;
			knownRegions = (
				en,
				Base,
				ko,
			);
			mainGroup = C2DDADD32E251668005B2C3C;
			minimizedProjectReferenceProxies = 1;
			packageReferences = (
				C2DDAF182E2A0AF5005B2C3C /* XCRemoteSwiftPackageReference "lottie-ios" */,
			);
			preferredProjectObjectVersion = 77;
			productRefGroup = C2DDADDD2E251668005B2C3C /* Products */;
			projectDirPath = "";
			projectRoot = "";
			targets = (
				C2DDADDB2E251668005B2C3C /* EveryTasks */,
				C2DDADE82E251669005B2C3C /* ADHDFocusAppTests */,
				C2DDADF22E251669005B2C3C /* ADHDFocusAppUITests */,
				C225FD242E3F5C0700C88ED8 /* EveryTasksWidgetExtension */,
			);
		};
/* End PBXProject section */

/* Begin PBXResourcesBuildPhase section */
		C225FD232E3F5C0700C88ED8 /* Resources */ = {
			isa = PBXResourcesBuildPhase;
			buildActionMask = 2147483647;
			files = (
			);
			runOnlyForDeploymentPostprocessing = 0;
		};
		C2DDADDA2E251668005B2C3C /* Resources */ = {
			isa = PBXResourcesBuildPhase;
			buildActionMask = 2147483647;
			files = (
			);
			runOnlyForDeploymentPostprocessing = 0;
		};
		C2DDADE72E251669005B2C3C /* Resources */ = {
			isa = PBXResourcesBuildPhase;
			buildActionMask = 2147483647;
			files = (
			);
			runOnlyForDeploymentPostprocessing = 0;
		};
		C2DDADF12E251669005B2C3C /* Resources */ = {
			isa = PBXResourcesBuildPhase;
			buildActionMask = 2147483647;
			files = (
			);
			runOnlyForDeploymentPostprocessing = 0;
		};
/* End PBXResourcesBuildPhase section */

/* Begin PBXSourcesBuildPhase section */
		C225FD212E3F5C0700C88ED8 /* Sources */ = {
			isa = PBXSourcesBuildPhase;
			buildActionMask = 2147483647;
			files = (
			);
			runOnlyForDeploymentPostprocessing = 0;
		};
		C2DDADD82E251668005B2C3C /* Sources */ = {
			isa = PBXSourcesBuildPhase;
			buildActionMask = 2147483647;
			files = (
			);
			runOnlyForDeploymentPostprocessing = 0;
		};
		C2DDADE52E251669005B2C3C /* Sources */ = {
			isa = PBXSourcesBuildPhase;
			buildActionMask = 2147483647;
			files = (
			);
			runOnlyForDeploymentPostprocessing = 0;
		};
		C2DDADEF2E251669005B2C3C /* Sources */ = {
			isa = PBXSourcesBuildPhase;
			buildActionMask = 2147483647;
			files = (
			);
			runOnlyForDeploymentPostprocessing = 0;
		};
/* End PBXSourcesBuildPhase section */

/* Begin PBXTargetDependency section */
		C225FD382E3F5C0900C88ED8 /* PBXTargetDependency */ = {
			isa = PBXTargetDependency;
			target = C225FD242E3F5C0700C88ED8 /* EveryTasksWidgetExtension */;
			targetProxy = C225FD372E3F5C0900C88ED8 /* PBXContainerItemProxy */;
		};
		C2DDADEB2E251669005B2C3C /* PBXTargetDependency */ = {
			isa = PBXTargetDependency;
			target = C2DDADDB2E251668005B2C3C /* EveryTasks */;
			targetProxy = C2DDADEA2E251669005B2C3C /* PBXContainerItemProxy */;
		};
		C2DDADF52E251669005B2C3C /* PBXTargetDependency */ = {
			isa = PBXTargetDependency;
			target = C2DDADDB2E251668005B2C3C /* EveryTasks */;
			targetProxy = C2DDADF42E251669005B2C3C /* PBXContainerItemProxy */;
		};
/* End PBXTargetDependency section */

/* Begin XCBuildConfiguration section */
		C225FD3B2E3F5C0900C88ED8 /* Debug */ = {
			isa = XCBuildConfiguration;
			buildSettings = {
				ASSETCATALOG_COMPILER_GLOBAL_ACCENT_COLOR_NAME = AccentColor;
				ASSETCATALOG_COMPILER_WIDGET_BACKGROUND_COLOR_NAME = WidgetBackground;
				CODE_SIGN_ENTITLEMENTS = EveryTasksWidgetExtension.entitlements;
				CODE_SIGN_STYLE = Automatic;
				CURRENT_PROJECT_VERSION = 1.2.0;
				DEVELOPMENT_TEAM = RPFY97S3D3;
				GENERATE_INFOPLIST_FILE = YES;
				INFOPLIST_FILE = EveryTasksWidget/Info.plist;
				INFOPLIST_KEY_CFBundleDisplayName = EveryTasksWidget;
				INFOPLIST_KEY_NSHumanReadableCopyright = "";
				LD_RUNPATH_SEARCH_PATHS = (
					"$(inherited)",
					"@executable_path/Frameworks",
					"@executable_path/../../Frameworks",
				);
				MARKETING_VERSION = 1.2;
				PRODUCT_BUNDLE_IDENTIFIER = com.chaeeun.everytask.EveryTasksWidget;
				PRODUCT_NAME = "$(TARGET_NAME)";
				SKIP_INSTALL = YES;
				SWIFT_EMIT_LOC_STRINGS = YES;
				SWIFT_VERSION = 5.0;
				TARGETED_DEVICE_FAMILY = "1,2";
			};
			name = Debug;
		};
		C225FD3C2E3F5C0900C88ED8 /* Release */ = {
			isa = XCBuildConfiguration;
			buildSettings = {
				ASSETCATALOG_COMPILER_GLOBAL_ACCENT_COLOR_NAME = AccentColor;
				ASSETCATALOG_COMPILER_WIDGET_BACKGROUND_COLOR_NAME = WidgetBackground;
				CODE_SIGN_ENTITLEMENTS = EveryTasksWidgetExtension.entitlements;
				CODE_SIGN_STYLE = Automatic;
				CURRENT_PROJECT_VERSION = 1.2.0;
				DEVELOPMENT_TEAM = RPFY97S3D3;
				GENERATE_INFOPLIST_FILE = YES;
				INFOPLIST_FILE = EveryTasksWidget/Info.plist;
				INFOPLIST_KEY_CFBundleDisplayName = EveryTasksWidget;
				INFOPLIST_KEY_NSHumanReadableCopyright = "";
				LD_RUNPATH_SEARCH_PATHS = (
					"$(inherited)",
					"@executable_path/Frameworks",
					"@executable_path/../../Frameworks",
				);
				MARKETING_VERSION = 1.2;
				PRODUCT_BUNDLE_IDENTIFIER = com.chaeeun.everytask.EveryTasksWidget;
				PRODUCT_NAME = "$(TARGET_NAME)";
				SKIP_INSTALL = YES;
				SWIFT_EMIT_LOC_STRINGS = YES;
				SWIFT_VERSION = 5.0;
				TARGETED_DEVICE_FAMILY = "1,2";
			};
			name = Release;
		};
		C2DDADFB2E251669005B2C3C /* Debug */ = {
			isa = XCBuildConfiguration;
			buildSettings = {
				ALWAYS_SEARCH_USER_PATHS = NO;
				ASSETCATALOG_COMPILER_GENERATE_SWIFT_ASSET_SYMBOL_EXTENSIONS = YES;
				CLANG_ANALYZER_NONNULL = YES;
				CLANG_ANALYZER_NUMBER_OBJECT_CONVERSION = YES_AGGRESSIVE;
				CLANG_CXX_LANGUAGE_STANDARD = "gnu++20";
				CLANG_ENABLE_MODULES = YES;
				CLANG_ENABLE_OBJC_ARC = YES;
				CLANG_ENABLE_OBJC_WEAK = YES;
				CLANG_WARN_BLOCK_CAPTURE_AUTORELEASING = YES;
				CLANG_WARN_BOOL_CONVERSION = YES;
				CLANG_WARN_COMMA = YES;
				CLANG_WARN_CONSTANT_CONVERSION = YES;
				CLANG_WARN_DEPRECATED_OBJC_IMPLEMENTATIONS = YES;
				CLANG_WARN_DIRECT_OBJC_ISA_USAGE = YES_ERROR;
				CLANG_WARN_DOCUMENTATION_COMMENTS = YES;
				CLANG_WARN_EMPTY_BODY = YES;
				CLANG_WARN_ENUM_CONVERSION = YES;
				CLANG_WARN_INFINITE_RECURSION = YES;
				CLANG_WARN_INT_CONVERSION = YES;
				CLANG_WARN_NON_LITERAL_NULL_CONVERSION = YES;
				CLANG_WARN_OBJC_IMPLICIT_RETAIN_SELF = YES;
				CLANG_WARN_OBJC_LITERAL_CONVERSION = YES;
				CLANG_WARN_OBJC_ROOT_CLASS = YES_ERROR;
				CLANG_WARN_QUOTED_INCLUDE_IN_FRAMEWORK_HEADER = YES;
				CLANG_WARN_RANGE_LOOP_ANALYSIS = YES;
				CLANG_WARN_STRICT_PROTOTYPES = YES;
				CLANG_WARN_SUSPICIOUS_MOVE = YES;
				CLANG_WARN_UNGUARDED_AVAILABILITY = YES_AGGRESSIVE;
				CLANG_WARN_UNREACHABLE_CODE = YES;
				CLANG_WARN__DUPLICATE_METHOD_MATCH = YES;
				COPY_PHASE_STRIP = NO;
				DEBUG_INFORMATION_FORMAT = dwarf;
				ENABLE_STRICT_OBJC_MSGSEND = YES;
				ENABLE_TESTABILITY = YES;
				ENABLE_USER_SCRIPT_SANDBOXING = YES;
				GCC_C_LANGUAGE_STANDARD = gnu17;
				GCC_DYNAMIC_NO_PIC = NO;
				GCC_NO_COMMON_BLOCKS = YES;
				GCC_OPTIMIZATION_LEVEL = 0;
				GCC_PREPROCESSOR_DEFINITIONS = (
					"DEBUG=1",
					"$(inherited)",
				);
				GCC_WARN_64_TO_32_BIT_CONVERSION = YES;
				GCC_WARN_ABOUT_RETURN_TYPE = YES_ERROR;
				GCC_WARN_UNDECLARED_SELECTOR = YES;
				GCC_WARN_UNINITIALIZED_AUTOS = YES_AGGRESSIVE;
				GCC_WARN_UNUSED_FUNCTION = YES;
				GCC_WARN_UNUSED_VARIABLE = YES;
				IPHONEOS_DEPLOYMENT_TARGET = 18.5;
				LOCALIZATION_PREFERS_STRING_CATALOGS = YES;
				MTL_ENABLE_DEBUG_INFO = INCLUDE_SOURCE;
				MTL_FAST_MATH = YES;
				ONLY_ACTIVE_ARCH = YES;
				SDKROOT = iphoneos;
				SWIFT_ACTIVE_COMPILATION_CONDITIONS = "DEBUG $(inherited)";
				SWIFT_OPTIMIZATION_LEVEL = "-Onone";
			};
			name = Debug;
		};
		C2DDADFC2E251669005B2C3C /* Release */ = {
			isa = XCBuildConfiguration;
			buildSettings = {
				ALWAYS_SEARCH_USER_PATHS = NO;
				ASSETCATALOG_COMPILER_GENERATE_SWIFT_ASSET_SYMBOL_EXTENSIONS = YES;
				CLANG_ANALYZER_NONNULL = YES;
				CLANG_ANALYZER_NUMBER_OBJECT_CONVERSION = YES_AGGRESSIVE;
				CLANG_CXX_LANGUAGE_STANDARD = "gnu++20";
				CLANG_ENABLE_MODULES = YES;
				CLANG_ENABLE_OBJC_ARC = YES;
				CLANG_ENABLE_OBJC_WEAK = YES;
				CLANG_WARN_BLOCK_CAPTURE_AUTORELEASING = YES;
				CLANG_WARN_BOOL_CONVERSION = YES;
				CLANG_WARN_COMMA = YES;
				CLANG_WARN_CONSTANT_CONVERSION = YES;
				CLANG_WARN_DEPRECATED_OBJC_IMPLEMENTATIONS = YES;
				CLANG_WARN_DIRECT_OBJC_ISA_USAGE = YES_ERROR;
				CLANG_WARN_DOCUMENTATION_COMMENTS = YES;
				CLANG_WARN_EMPTY_BODY = YES;
				CLANG_WARN_ENUM_CONVERSION = YES;
				CLANG_WARN_INFINITE_RECURSION = YES;
				CLANG_WARN_INT_CONVERSION = YES;
				CLANG_WARN_NON_LITERAL_NULL_CONVERSION = YES;
				CLANG_WARN_OBJC_IMPLICIT_RETAIN_SELF = YES;
				CLANG_WARN_OBJC_LITERAL_CONVERSION = YES;
				CLANG_WARN_OBJC_ROOT_CLASS = YES_ERROR;
				CLANG_WARN_QUOTED_INCLUDE_IN_FRAMEWORK_HEADER = YES;
				CLANG_WARN_RANGE_LOOP_ANALYSIS = YES;
				CLANG_WARN_STRICT_PROTOTYPES = YES;
				CLANG_WARN_SUSPICIOUS_MOVE = YES;
				CLANG_WARN_UNGUARDED_AVAILABILITY = YES_AGGRESSIVE;
				CLANG_WARN_UNREACHABLE_CODE = YES;
				CLANG_WARN__DUPLICATE_METHOD_MATCH = YES;
				COPY_PHASE_STRIP = NO;
				DEBUG_INFORMATION_FORMAT = "dwarf-with-dsym";
				ENABLE_NS_ASSERTIONS = NO;
				ENABLE_STRICT_OBJC_MSGSEND = YES;
				ENABLE_USER_SCRIPT_SANDBOXING = YES;
				GCC_C_LANGUAGE_STANDARD = gnu17;
				GCC_NO_COMMON_BLOCKS = YES;
				GCC_WARN_64_TO_32_BIT_CONVERSION = YES;
				GCC_WARN_ABOUT_RETURN_TYPE = YES_ERROR;
				GCC_WARN_UNDECLARED_SELECTOR = YES;
				GCC_WARN_UNINITIALIZED_AUTOS = YES_AGGRESSIVE;
				GCC_WARN_UNUSED_FUNCTION = YES;
				GCC_WARN_UNUSED_VARIABLE = YES;
				IPHONEOS_DEPLOYMENT_TARGET = 18.5;
				LOCALIZATION_PREFERS_STRING_CATALOGS = YES;
				MTL_ENABLE_DEBUG_INFO = NO;
				MTL_FAST_MATH = YES;
				SDKROOT = iphoneos;
				SWIFT_COMPILATION_MODE = wholemodule;
				VALIDATE_PRODUCT = YES;
			};
			name = Release;
		};
		C2DDADFE2E251669005B2C3C /* Debug */ = {
			isa = XCBuildConfiguration;
			buildSettings = {
				ASSETCATALOG_COMPILER_APPICON_NAME = AppIcon;
				ASSETCATALOG_COMPILER_GLOBAL_ACCENT_COLOR_NAME = AccentColor;
				CODE_SIGN_ENTITLEMENTS = EveryTasks.entitlements;
				CODE_SIGN_STYLE = Automatic;
				CURRENT_PROJECT_VERSION = 1.2.0;
				DEVELOPMENT_TEAM = RPFY97S3D3;
				ENABLE_PREVIEWS = YES;
				GENERATE_INFOPLIST_FILE = YES;
				INFOPLIST_KEY_CFBundleDisplayName = everytasks;
				INFOPLIST_KEY_UIApplicationSceneManifest_Generation = YES;
				INFOPLIST_KEY_UIApplicationSupportsIndirectInputEvents = YES;
				INFOPLIST_KEY_UILaunchScreen_Generation = YES;
				INFOPLIST_KEY_UISupportedInterfaceOrientations_iPhone = "UIInterfaceOrientationPortrait UIInterfaceOrientationLandscapeLeft UIInterfaceOrientationLandscapeRight";
				IPHONEOS_DEPLOYMENT_TARGET = 18.0;
				LD_RUNPATH_SEARCH_PATHS = (
					"$(inherited)",
					"@executable_path/Frameworks",
				);
				MARKETING_VERSION = 1.2;
				PRODUCT_BUNDLE_IDENTIFIER = com.chaeeun.everytask;
				PRODUCT_NAME = "$(TARGET_NAME)";
				SWIFT_EMIT_LOC_STRINGS = YES;
				SWIFT_VERSION = 5.0;
				TARGETED_DEVICE_FAMILY = 1;
			};
			name = Debug;
		};
		C2DDADFF2E251669005B2C3C /* Release */ = {
			isa = XCBuildConfiguration;
			buildSettings = {
				ASSETCATALOG_COMPILER_APPICON_NAME = AppIcon;
				ASSETCATALOG_COMPILER_GLOBAL_ACCENT_COLOR_NAME = AccentColor;
				CODE_SIGN_ENTITLEMENTS = EveryTasks.entitlements;
				CODE_SIGN_STYLE = Automatic;
				CURRENT_PROJECT_VERSION = 1.2.0;
				DEVELOPMENT_TEAM = RPFY97S3D3;
				ENABLE_PREVIEWS = YES;
				GENERATE_INFOPLIST_FILE = YES;
				INFOPLIST_KEY_CFBundleDisplayName = everytasks;
				INFOPLIST_KEY_UIApplicationSceneManifest_Generation = YES;
				INFOPLIST_KEY_UIApplicationSupportsIndirectInputEvents = YES;
				INFOPLIST_KEY_UILaunchScreen_Generation = YES;
				INFOPLIST_KEY_UISupportedInterfaceOrientations_iPhone = "UIInterfaceOrientationPortrait UIInterfaceOrientationLandscapeLeft UIInterfaceOrientationLandscapeRight";
				IPHONEOS_DEPLOYMENT_TARGET = 18.0;
				LD_RUNPATH_SEARCH_PATHS = (
					"$(inherited)",
					"@executable_path/Frameworks",
				);
				MARKETING_VERSION = 1.2;
				PRODUCT_BUNDLE_IDENTIFIER = com.chaeeun.everytask;
				PRODUCT_NAME = "$(TARGET_NAME)";
				SWIFT_EMIT_LOC_STRINGS = YES;
				SWIFT_VERSION = 5.0;
				TARGETED_DEVICE_FAMILY = 1;
			};
			name = Release;
		};
		C2DDAE012E251669005B2C3C /* Debug */ = {
			isa = XCBuildConfiguration;
			buildSettings = {
				BUNDLE_LOADER = "$(TEST_HOST)";
				CODE_SIGN_STYLE = Automatic;
				CURRENT_PROJECT_VERSION = 1;
				GENERATE_INFOPLIST_FILE = YES;
				IPHONEOS_DEPLOYMENT_TARGET = 18.5;
				MARKETING_VERSION = 1.0;
				PRODUCT_BUNDLE_IDENTIFIER = com.ADHDFocusAppTests;
				PRODUCT_NAME = "$(TARGET_NAME)";
				SWIFT_EMIT_LOC_STRINGS = NO;
				SWIFT_VERSION = 5.0;
				TARGETED_DEVICE_FAMILY = 1;
				TEST_HOST = "$(BUILT_PRODUCTS_DIR)/ADHDFocusApp.app/$(BUNDLE_EXECUTABLE_FOLDER_PATH)/ADHDFocusApp";
			};
			name = Debug;
		};
		C2DDAE022E251669005B2C3C /* Release */ = {
			isa = XCBuildConfiguration;
			buildSettings = {
				BUNDLE_LOADER = "$(TEST_HOST)";
				CODE_SIGN_STYLE = Automatic;
				CURRENT_PROJECT_VERSION = 1;
				GENERATE_INFOPLIST_FILE = YES;
				IPHONEOS_DEPLOYMENT_TARGET = 18.5;
				MARKETING_VERSION = 1.0;
				PRODUCT_BUNDLE_IDENTIFIER = com.ADHDFocusAppTests;
				PRODUCT_NAME = "$(TARGET_NAME)";
				SWIFT_EMIT_LOC_STRINGS = NO;
				SWIFT_VERSION = 5.0;
				TARGETED_DEVICE_FAMILY = 1;
				TEST_HOST = "$(BUILT_PRODUCTS_DIR)/ADHDFocusApp.app/$(BUNDLE_EXECUTABLE_FOLDER_PATH)/ADHDFocusApp";
			};
			name = Release;
		};
		C2DDAE042E251669005B2C3C /* Debug */ = {
			isa = XCBuildConfiguration;
			buildSettings = {
				CODE_SIGN_STYLE = Automatic;
				CURRENT_PROJECT_VERSION = 1;
				GENERATE_INFOPLIST_FILE = YES;
				MARKETING_VERSION = 1.0;
				PRODUCT_BUNDLE_IDENTIFIER = com.ADHDFocusAppUITests;
				PRODUCT_NAME = "$(TARGET_NAME)";
				SWIFT_EMIT_LOC_STRINGS = NO;
				SWIFT_VERSION = 5.0;
				TARGETED_DEVICE_FAMILY = 1;
				TEST_TARGET_NAME = ADHDFocusApp;
			};
			name = Debug;
		};
		C2DDAE052E251669005B2C3C /* Release */ = {
			isa = XCBuildConfiguration;
			buildSettings = {
				CODE_SIGN_STYLE = Automatic;
				CURRENT_PROJECT_VERSION = 1;
				GENERATE_INFOPLIST_FILE = YES;
				MARKETING_VERSION = 1.0;
				PRODUCT_BUNDLE_IDENTIFIER = com.ADHDFocusAppUITests;
				PRODUCT_NAME = "$(TARGET_NAME)";
				SWIFT_EMIT_LOC_STRINGS = NO;
				SWIFT_VERSION = 5.0;
				TARGETED_DEVICE_FAMILY = 1;
				TEST_TARGET_NAME = ADHDFocusApp;
			};
			name = Release;
		};
/* End XCBuildConfiguration section */

/* Begin XCConfigurationList section */
		C225FD3E2E3F5C0900C88ED8 /* Build configuration list for PBXNativeTarget "EveryTasksWidgetExtension" */ = {
			isa = XCConfigurationList;
			buildConfigurations = (
				C225FD3B2E3F5C0900C88ED8 /* Debug */,
				C225FD3C2E3F5C0900C88ED8 /* Release */,
			);
			defaultConfigurationIsVisible = 0;
			defaultConfigurationName = Release;
		};
		C2DDADD72E251668005B2C3C /* Build configuration list for PBXProject "ADHDFocusApp" */ = {
			isa = XCConfigurationList;
			buildConfigurations = (
				C2DDADFB2E251669005B2C3C /* Debug */,
				C2DDADFC2E251669005B2C3C /* Release */,
			);
			defaultConfigurationIsVisible = 0;
			defaultConfigurationName = Release;
		};
		C2DDADFD2E251669005B2C3C /* Build configuration list for PBXNativeTarget "EveryTasks" */ = {
			isa = XCConfigurationList;
			buildConfigurations = (
				C2DDADFE2E251669005B2C3C /* Debug */,
				C2DDADFF2E251669005B2C3C /* Release */,
			);
			defaultConfigurationIsVisible = 0;
			defaultConfigurationName = Release;
		};
		C2DDAE002E251669005B2C3C /* Build configuration list for PBXNativeTarget "ADHDFocusAppTests" */ = {
			isa = XCConfigurationList;
			buildConfigurations = (
				C2DDAE012E251669005B2C3C /* Debug */,
				C2DDAE022E251669005B2C3C /* Release */,
			);
			defaultConfigurationIsVisible = 0;
			defaultConfigurationName = Release;
		};
		C2DDAE032E251669005B2C3C /* Build configuration list for PBXNativeTarget "ADHDFocusAppUITests" */ = {
			isa = XCConfigurationList;
			buildConfigurations = (
				C2DDAE042E251669005B2C3C /* Debug */,
				C2DDAE052E251669005B2C3C /* Release */,
			);
			defaultConfigurationIsVisible = 0;
			defaultConfigurationName = Release;
		};
/* End XCConfigurationList section */

/* Begin XCRemoteSwiftPackageReference section */
		C2DDAF182E2A0AF5005B2C3C /* XCRemoteSwiftPackageReference "lottie-ios" */ = {
			isa = XCRemoteSwiftPackageReference;
			repositoryURL = "https://github.com/airbnb/lottie-ios.git";
			requirement = {
				kind = upToNextMajorVersion;
				minimumVersion = 4.5.2;
			};
		};
/* End XCRemoteSwiftPackageReference section */

/* Begin XCSwiftPackageProductDependency section */
		C2DDAF192E2A0AF5005B2C3C /* Lottie */ = {
			isa = XCSwiftPackageProductDependency;
			package = C2DDAF182E2A0AF5005B2C3C /* XCRemoteSwiftPackageReference "lottie-ios" */;
			productName = Lottie;
		};
/* End XCSwiftPackageProductDependency section */
	};
	rootObject = C2DDADD42E251668005B2C3C /* Project object */;
}
